{
  "version": 4,
  "terraform_version": "1.9.6",
  "serial": 20,
  "lineage": "f3301f3d-9c54-1fad-7bb7-baf27ab50ddc",
  "outputs": {},
  "resources": [
    {
      "mode": "managed",
      "type": "azurerm_resource_group",
      "name": "testingrg",
      "provider": "provider[\"registry.terraform.io/hashicorp/azurerm\"]",
      "instances": [
        {
          "schema_version": 0,
          "attributes": {
            "id": "/subscriptions/2d00b411-2b44-479f-9fea-9b79af9b10bb/resourceGroups/testingrg1",
            "location": "centralindia",
            "managed_by": "",
            "name": "testingrg1",
            "tags": {},
            "timeouts": null
          },
          "sensitive_attributes": [],
          "private": "eyJlMmJmYjczMC1lY2FhLTExZTYtOGY4OC0zNDM2M2JjN2M0YzAiOnsiY3JlYXRlIjo1NDAwMDAwMDAwMDAwLCJkZWxldGUiOjU0MDAwMDAwMDAwMDAsInJlYWQiOjMwMDAwMDAwMDAwMCwidXBkYXRlIjo1NDAwMDAwMDAwMDAwfX0="
        }
      ]
    },
    {
      "mode": "managed",
      "type": "azurerm_virtual_network",
      "name": "testingvnet",
      "provider": "provider[\"registry.terraform.io/hashicorp/azurerm\"]",
      "instances": [
        {
          "schema_version": 0,
          "attributes": {
            "address_space": [
              "10.0.0.0/16"
            ],
            "bgp_community": "",
            "ddos_protection_plan": [],
            "dns_servers": [],
            "edge_zone": "",
            "encryption": [],
            "flow_timeout_in_minutes": 0,
            "guid": "ebd1b2f4-9276-49b3-83c1-86c840781909",
            "id": "/subscriptions/2d00b411-2b44-479f-9fea-9b79af9b10bb/resourceGroups/testingrg1/providers/Microsoft.Network/virtualNetworks/testingvnet1",
            "location": "centralindia",
            "name": "testingvnet1",
            "private_endpoint_vnet_policies": "Disabled",
            "resource_group_name": "testingrg1",
            "subnet": [
              {
                "address_prefixes": [
                  "10.0.0.0/24"
                ],
                "default_outbound_access_enabled": true,
                "delegation": [],
                "id": "/subscriptions/2d00b411-2b44-479f-9fea-9b79af9b10bb/resourceGroups/testingrg1/providers/Microsoft.Network/virtualNetworks/testingvnet1/subnets/testingsubnet1",
                "name": "testingsubnet1",
                "private_endpoint_network_policies": "Disabled",
                "private_link_service_network_policies_enabled": true,
                "route_table_id": "",
                "security_group": "",
                "service_endpoint_policy_ids": [],
                "service_endpoints": []
              }
            ],
            "tags": {
              "environment": "dev",
              "name": "testingvent1"
            },
            "timeouts": null
          },
          "sensitive_attributes": [],
          "private": "eyJlMmJmYjczMC1lY2FhLTExZTYtOGY4OC0zNDM2M2JjN2M0YzAiOnsiY3JlYXRlIjoxODAwMDAwMDAwMDAwLCJkZWxldGUiOjE4MDAwMDAwMDAwMDAsInJlYWQiOjMwMDAwMDAwMDAwMCwidXBkYXRlIjoxODAwMDAwMDAwMDAwfX0=",
          "dependencies": [
            "azurerm_resource_group.testingrg"
          ]
        }
      ]
    }
  ],
  "check_results": null
}
